
Microsoft Visual Studio Solution File, Format Version 12.00
# Visual Studio Version 16
VisualStudioVersion = 16.0.31205.134
MinimumVisualStudioVersion = 10.0.40219.1
Project("{9A19103F-16F7-4668-BE54-9A1E7A4F7556}") = "YabousNews.Web", "YabousNews.Web\YabousNews.Web.csproj", "{DE84EF63-A1F8-476B-BB83-657D17D1A96F}"
EndProject
Project("{9A19103F-16F7-4668-BE54-9A1E7A4F7556}") = "YabousNews.Data", "YabousNews.Data\YabousNews.Data.csproj", "{F3712DE0-06E5-4789-9C51-823C7EB1E422}"
EndProject
Global
	GlobalSection(SolutionConfigurationPlatforms) = preSolution
		Debug|Any CPU = Debug|Any CPU
		Release|Any CPU = Release|Any CPU
	EndGlobalSection
	GlobalSection(ProjectConfigurationPlatforms) = postSolution
		{DE84EF63-A1F8-476B-BB83-657D17D1A96F}.Debug|Any CPU.ActiveCfg = Debug|Any CPU
		{DE84EF63-A1F8-476B-BB83-657D17D1A96F}.Debug|Any CPU.Build.0 = Debug|Any CPU
		{DE84EF63-A1F8-476B-BB83-657D17D1A96F}.Release|Any CPU.ActiveCfg = Release|Any CPU
		{DE84EF63-A1F8-476B-BB83-657D17D1A96F}.Release|Any CPU.Build.0 = Release|Any CPU
		{F3712DE0-06E5-4789-9C51-823C7EB1E422}.Debug|Any CPU.ActiveCfg = Debug|Any CPU
		{F3712DE0-06E5-4789-9C51-823C7EB1E422}.Debug|Any CPU.Build.0 = Debug|Any CPU
		{F3712DE0-06E5-4789-9C51-823C7EB1E422}.Release|Any CPU.ActiveCfg = Release|Any CPU
		{F3712DE0-06E5-4789-9C51-823C7EB1E422}.Release|Any CPU.Build.0 = Release|Any CPU
	EndGlobalSection
	GlobalSection(SolutionProperties) = preSolution
		HideSolutionNode = FALSE
	EndGlobalSection
	GlobalSection(ExtensibilityGlobals) = postSolution
		SolutionGuid = {30CF9C88-FC23-415B-8820-E4D2BBD101EB}
	EndGlobalSection
EndGlobal
